
Microsoft Visual Studio Solution File, Format Version 12.00
# Visual Studio Version 16
VisualStudioVersion = 16.0.29025.244
MinimumVisualStudioVersion = 10.0.40219.1
Project("{FAE04EC0-301F-11D3-BF4B-00C04F79EFBC}") = "One Way", "One Way\One Way.csproj", "{BA199531-7AE2-4C9F-B197-B75FF83A819B}"
EndProject
Global
	GlobalSection(SolutionConfigurationPlatforms) = preSolution
		Debug|Any CPU = Debug|Any CPU
		Release|Any CPU = Release|Any CPU
	EndGlobalSection
	GlobalSection(ProjectConfigurationPlatforms) = postSolution
		{BA199531-7AE2-4C9F-B197-B75FF83A819B}.Debug|Any CPU.ActiveCfg = Debug|Any CPU
		{BA199531-7AE2-4C9F-B197-B75FF83A819B}.Debug|Any CPU.Build.0 = Debug|Any CPU
		{BA199531-7AE2-4C9F-B197-B75FF83A819B}.Release|Any CPU.ActiveCfg = Release|Any CPU
		{BA199531-7AE2-4C9F-B197-B75FF83A819B}.Release|Any CPU.Build.0 = Release|Any CPU
	EndGlobalSection
	GlobalSection(SolutionProperties) = preSolution
		HideSolutionNode = FALSE
	EndGlobalSection
	GlobalSection(ExtensibilityGlobals) = postSolution
		SolutionGuid = {EBADDC78-1BEF-4E85-BD8F-2B2E896A1954}
	EndGlobalSection
EndGlobal
